
Microsoft Visual Studio Solution File, Format Version 12.00
# Visual Studio Version 16
VisualStudioVersion = 16.0.28407.52
MinimumVisualStudioVersion = 10.0.40219.1
Project("{9A19103F-16F7-4668-BE54-9A1E7A4F7556}") = "SalaryCalculator.Logic", "SalaryCalculator.Logic\SalaryCalculator.Logic.csproj", "{5205498A-80F6-43B0-A6DA-B62D93205D83}"
EndProject
Project("{9A19103F-16F7-4668-BE54-9A1E7A4F7556}") = "SalaryCalculator.ConsoleApp", "SalaryCalculator.ConsoleApp\SalaryCalculator.ConsoleApp.csproj", "{0BA4B323-AE08-4D83-AE71-7B5E4AC8DC67}"
EndProject
Project("{FAE04EC0-301F-11D3-BF4B-00C04F79EFBC}") = "SalaryCalculator.Logic.Tests", "SalaryCalculator.Logic.Tests\SalaryCalculator.Logic.Tests.csproj", "{1BFFAD99-4099-4CC7-9D50-8BF9D48ACDF8}"
EndProject
Global
	GlobalSection(SolutionConfigurationPlatforms) = preSolution
		Debug|Any CPU = Debug|Any CPU
		Release|Any CPU = Release|Any CPU
	EndGlobalSection
	GlobalSection(ProjectConfigurationPlatforms) = postSolution
		{5205498A-80F6-43B0-A6DA-B62D93205D83}.Debug|Any CPU.ActiveCfg = Debug|Any CPU
		{5205498A-80F6-43B0-A6DA-B62D93205D83}.Debug|Any CPU.Build.0 = Debug|Any CPU
		{5205498A-80F6-43B0-A6DA-B62D93205D83}.Release|Any CPU.ActiveCfg = Release|Any CPU
		{5205498A-80F6-43B0-A6DA-B62D93205D83}.Release|Any CPU.Build.0 = Release|Any CPU
		{0BA4B323-AE08-4D83-AE71-7B5E4AC8DC67}.Debug|Any CPU.ActiveCfg = Debug|Any CPU
		{0BA4B323-AE08-4D83-AE71-7B5E4AC8DC67}.Debug|Any CPU.Build.0 = Debug|Any CPU
		{0BA4B323-AE08-4D83-AE71-7B5E4AC8DC67}.Release|Any CPU.ActiveCfg = Release|Any CPU
		{0BA4B323-AE08-4D83-AE71-7B5E4AC8DC67}.Release|Any CPU.Build.0 = Release|Any CPU
		{1BFFAD99-4099-4CC7-9D50-8BF9D48ACDF8}.Debug|Any CPU.ActiveCfg = Debug|Any CPU
		{1BFFAD99-4099-4CC7-9D50-8BF9D48ACDF8}.Debug|Any CPU.Build.0 = Debug|Any CPU
		{1BFFAD99-4099-4CC7-9D50-8BF9D48ACDF8}.Release|Any CPU.ActiveCfg = Release|Any CPU
		{1BFFAD99-4099-4CC7-9D50-8BF9D48ACDF8}.Release|Any CPU.Build.0 = Release|Any CPU
	EndGlobalSection
	GlobalSection(SolutionProperties) = preSolution
		HideSolutionNode = FALSE
	EndGlobalSection
	GlobalSection(ExtensibilityGlobals) = postSolution
		SolutionGuid = {F083BD47-4A78-4CCB-9203-B25E96447A1E}
	EndGlobalSection
EndGlobal
